{
  "name": "QR Generator",
  "version": "1.0.0",
  "lockfileVersion": 2,
  "requires": true,
  "packages": {
    "": {
      "version": "1.0.0",
      "resolved": "https://registry.npmjs.org/your-project-name/-/your-project-name-1.0.0.tgz",
      "dependencies": {
        "autoprefixer": {
          "version": "10.4.0",
          "resolved": "https://registry.npmjs.org/autoprefixer/-/autoprefixer-10.4.0.tgz",
          "integrity": "sha512-ABCDEF1234567890...",
          "dev": true
        },
        "postcss": {
          "version": "8.4.5",
          "resolved": "https://registry.npmjs.org/postcss/-/postcss-8.4.5.tgz",
          "integrity": "sha512-XYZ1234567890...",
          "dev": true,
          "dependencies": {
            "autoprefixer": {
              "version": "10.4.0",
              "resolved": "https://registry.npmjs.org/autoprefixer/-/autoprefixer-10.4.0.tgz",
              "integrity": "sha512-ABCDEF1234567890...",
              "dev": true
            }
          }
        },
        "tailwindcss": {
          "version": "3.0.13",
          "resolved": "https://registry.npmjs.org/tailwindcss/-/tailwindcss-3.0.13.tgz",
          "integrity": "sha512-UVWXYZ1234567890...",
          "dev": true
        }
      }
    }
  }
}
